// !$*UTF8*$!
{
	archiveVersion = 1;
	classes = {
	};
	objectVersion = 56;
	objects = {

/* Begin PBXBuildFile section */
		BDD2D16A2AA027B200B4799E /* SwiftUI_MVVMCApp.swift in Sources */ = {isa = PBXBuildFile; fileRef = BDD2D1692AA027B200B4799E /* SwiftUI_MVVMCApp.swift */; };
		BDD2D16E2AA027B300B4799E /* Assets.xcassets in Resources */ = {isa = PBXBuildFile; fileRef = BDD2D16D2AA027B300B4799E /* Assets.xcassets */; };
		BDD2D1712AA027B300B4799E /* Preview Assets.xcassets in Resources */ = {isa = PBXBuildFile; fileRef = BDD2D1702AA027B300B4799E /* Preview Assets.xcassets */; };
		BDD2D17C2AA027D400B4799E /* HomeFlowCoordinator.swift in Sources */ = {isa = PBXBuildFile; fileRef = BDD2D1792AA027D400B4799E /* HomeFlowCoordinator.swift */; };
		BDD2D17D2AA027D400B4799E /* HomeViewModel.swift in Sources */ = {isa = PBXBuildFile; fileRef = BDD2D17A2AA027D400B4799E /* HomeViewModel.swift */; };
		BDD2D17E2AA027D400B4799E /* HomeView.swift in Sources */ = {isa = PBXBuildFile; fileRef = BDD2D17B2AA027D400B4799E /* HomeView.swift */; };
		BDD2D1812AA0392500B4799E /* UserView.swift in Sources */ = {isa = PBXBuildFile; fileRef = BDD2D1802AA0392500B4799E /* UserView.swift */; };
		BDD2D1832AA0393A00B4799E /* UserFlowCoordinator.swift in Sources */ = {isa = PBXBuildFile; fileRef = BDD2D1822AA0393A00B4799E /* UserFlowCoordinator.swift */; };
		BDD2D1862AA0394800B4799E /* UserViewModel.swift in Sources */ = {isa = PBXBuildFile; fileRef = BDD2D1852AA0394800B4799E /* UserViewModel.swift */; };
		BDD2D18B2AA0432500B4799E /* SettingViewModel.swift in Sources */ = {isa = PBXBuildFile; fileRef = BDD2D18A2AA0432500B4799E /* SettingViewModel.swift */; };
		BDD2D18D2AA0433700B4799E /* SettingView.swift in Sources */ = {isa = PBXBuildFile; fileRef = BDD2D18C2AA0433700B4799E /* SettingView.swift */; };
		BDD2D1902AA0716D00B4799E /* FavoriteView.swift in Sources */ = {isa = PBXBuildFile; fileRef = BDD2D18F2AA0716D00B4799E /* FavoriteView.swift */; };
		BDD2D1922AA0717E00B4799E /* FavoriteViewModel.swift in Sources */ = {isa = PBXBuildFile; fileRef = BDD2D1912AA0717E00B4799E /* FavoriteViewModel.swift */; };
		BDD2D1972AA0881700B4799E /* WebService.swift in Sources */ = {isa = PBXBuildFile; fileRef = BDD2D1962AA0881700B4799E /* WebService.swift */; };
		BDD2D19A2AA0892100B4799E /* WebService+Home.swift in Sources */ = {isa = PBXBuildFile; fileRef = BDD2D1992AA0892100B4799E /* WebService+Home.swift */; };
		BDD2D19D2AA08C6C00B4799E /* HomeModel.swift in Sources */ = {isa = PBXBuildFile; fileRef = BDD2D19C2AA08C6C00B4799E /* HomeModel.swift */; };
/* End PBXBuildFile section */

/* Begin PBXFileReference section */
		BDD2D1662AA027B200B4799E /* SwiftUI-MVVMC.app */ = {isa = PBXFileReference; explicitFileType = wrapper.application; includeInIndex = 0; path = "SwiftUI-MVVMC.app"; sourceTree = BUILT_PRODUCTS_DIR; };
		BDD2D1692AA027B200B4799E /* SwiftUI_MVVMCApp.swift */ = {isa = PBXFileReference; lastKnownFileType = sourcecode.swift; path = SwiftUI_MVVMCApp.swift; sourceTree = "<group>"; };
		BDD2D16D2AA027B300B4799E /* Assets.xcassets */ = {isa = PBXFileReference; lastKnownFileType = folder.assetcatalog; path = Assets.xcassets; sourceTree = "<group>"; };
		BDD2D1702AA027B300B4799E /* Preview Assets.xcassets */ = {isa = PBXFileReference; lastKnownFileType = folder.assetcatalog; path = "Preview Assets.xcassets"; sourceTree = "<group>"; };
		BDD2D1792AA027D400B4799E /* HomeFlowCoordinator.swift */ = {isa = PBXFileReference; fileEncoding = 4; lastKnownFileType = sourcecode.swift; path = HomeFlowCoordinator.swift; sourceTree = "<group>"; };
		BDD2D17A2AA027D400B4799E /* HomeViewModel.swift */ = {isa = PBXFileReference; fileEncoding = 4; lastKnownFileType = sourcecode.swift; path = HomeViewModel.swift; sourceTree = "<group>"; };
		BDD2D17B2AA027D400B4799E /* HomeView.swift */ = {isa = PBXFileReference; fileEncoding = 4; lastKnownFileType = sourcecode.swift; path = HomeView.swift; sourceTree = "<group>"; };
		BDD2D1802AA0392500B4799E /* UserView.swift */ = {isa = PBXFileReference; lastKnownFileType = sourcecode.swift; path = UserView.swift; sourceTree = "<group>"; };
		BDD2D1822AA0393A00B4799E /* UserFlowCoordinator.swift */ = {isa = PBXFileReference; lastKnownFileType = sourcecode.swift; path = UserFlowCoordinator.swift; sourceTree = "<group>"; };
		BDD2D1852AA0394800B4799E /* UserViewModel.swift */ = {isa = PBXFileReference; lastKnownFileType = sourcecode.swift; path = UserViewModel.swift; sourceTree = "<group>"; };
		BDD2D18A2AA0432500B4799E /* SettingViewModel.swift */ = {isa = PBXFileReference; lastKnownFileType = sourcecode.swift; path = SettingViewModel.swift; sourceTree = "<group>"; };
		BDD2D18C2AA0433700B4799E /* SettingView.swift */ = {isa = PBXFileReference; lastKnownFileType = sourcecode.swift; path = SettingView.swift; sourceTree = "<group>"; };
		BDD2D18F2AA0716D00B4799E /* FavoriteView.swift */ = {isa = PBXFileReference; lastKnownFileType = sourcecode.swift; path = FavoriteView.swift; sourceTree = "<group>"; };
		BDD2D1912AA0717E00B4799E /* FavoriteViewModel.swift */ = {isa = PBXFileReference; lastKnownFileType = sourcecode.swift; path = FavoriteViewModel.swift; sourceTree = "<group>"; };
		BDD2D1962AA0881700B4799E /* WebService.swift */ = {isa = PBXFileReference; lastKnownFileType = sourcecode.swift; path = WebService.swift; sourceTree = "<group>"; };
		BDD2D1992AA0892100B4799E /* WebService+Home.swift */ = {isa = PBXFileReference; lastKnownFileType = sourcecode.swift; path = "WebService+Home.swift"; sourceTree = "<group>"; };
		BDD2D19C2AA08C6C00B4799E /* HomeModel.swift */ = {isa = PBXFileReference; lastKnownFileType = sourcecode.swift; path = HomeModel.swift; sourceTree = "<group>"; };
/* End PBXFileReference section */

/* Begin PBXFrameworksBuildPhase section */
		BDD2D1632AA027B200B4799E /* Frameworks */ = {
			isa = PBXFrameworksBuildPhase;
			buildActionMask = 2147483647;
			files = (
			);
			runOnlyForDeploymentPostprocessing = 0;
		};
/* End PBXFrameworksBuildPhase section */

/* Begin PBXGroup section */
		BDD2D15D2AA027B200B4799E = {
			isa = PBXGroup;
			children = (
				BDD2D1682AA027B200B4799E /* SwiftUI-MVVMC */,
				BDD2D1672AA027B200B4799E /* Products */,
			);
			sourceTree = "<group>";
		};
		BDD2D1672AA027B200B4799E /* Products */ = {
			isa = PBXGroup;
			children = (
				BDD2D1662AA027B200B4799E /* SwiftUI-MVVMC.app */,
			);
			name = Products;
			sourceTree = "<group>";
		};
		BDD2D1682AA027B200B4799E /* SwiftUI-MVVMC */ = {
			isa = PBXGroup;
			children = (
				BDD2D19B2AA08C3400B4799E /* Model */,
				BDD2D1932AA087CC00B4799E /* Service */,
				BDD2D1772AA027D400B4799E /* Feature */,
				BDD2D1692AA027B200B4799E /* SwiftUI_MVVMCApp.swift */,
				BDD2D16D2AA027B300B4799E /* Assets.xcassets */,
				BDD2D16F2AA027B300B4799E /* Preview Content */,
			);
			path = "SwiftUI-MVVMC";
			sourceTree = "<group>";
		};
		BDD2D16F2AA027B300B4799E /* Preview Content */ = {
			isa = PBXGroup;
			children = (
				BDD2D1702AA027B300B4799E /* Preview Assets.xcassets */,
			);
			path = "Preview Content";
			sourceTree = "<group>";
		};
		BDD2D1772AA027D400B4799E /* Feature */ = {
			isa = PBXGroup;
			children = (
				BDD2D1782AA027D400B4799E /* Home */,
				BDD2D17F2AA0390E00B4799E /* User */,
			);
			path = Feature;
			sourceTree = "<group>";
		};
		BDD2D1782AA027D400B4799E /* Home */ = {
			isa = PBXGroup;
			children = (
				BDD2D1792AA027D400B4799E /* HomeFlowCoordinator.swift */,
				BDD2D17A2AA027D400B4799E /* HomeViewModel.swift */,
				BDD2D17B2AA027D400B4799E /* HomeView.swift */,
			);
			path = Home;
			sourceTree = "<group>";
		};
		BDD2D17F2AA0390E00B4799E /* User */ = {
			isa = PBXGroup;
			children = (
				BDD2D1872AA042FD00B4799E /* Setting */,
				BDD2D1822AA0393A00B4799E /* UserFlowCoordinator.swift */,
				BDD2D1852AA0394800B4799E /* UserViewModel.swift */,
				BDD2D1802AA0392500B4799E /* UserView.swift */,
			);
			path = User;
			sourceTree = "<group>";
		};
		BDD2D1872AA042FD00B4799E /* Setting */ = {
			isa = PBXGroup;
			children = (
				BDD2D18A2AA0432500B4799E /* SettingViewModel.swift */,
				BDD2D18C2AA0433700B4799E /* SettingView.swift */,
				BDD2D18E2AA0709C00B4799E /* Favority */,
			);
			path = Setting;
			sourceTree = "<group>";
		};
		BDD2D18E2AA0709C00B4799E /* Favority */ = {
			isa = PBXGroup;
			children = (
				BDD2D1912AA0717E00B4799E /* FavoriteViewModel.swift */,
				BDD2D18F2AA0716D00B4799E /* FavoriteView.swift */,
			);
			path = Favority;
			sourceTree = "<group>";
		};
		BDD2D1932AA087CC00B4799E /* Service */ = {
			isa = PBXGroup;
			children = (
				BDD2D1952AA087E500B4799E /* Storage */,
				BDD2D1942AA087D400B4799E /* WebService */,
			);
			path = Service;
			sourceTree = "<group>";
		};
		BDD2D1942AA087D400B4799E /* WebService */ = {
			isa = PBXGroup;
			children = (
				BDD2D1962AA0881700B4799E /* WebService.swift */,
				BDD2D1992AA0892100B4799E /* WebService+Home.swift */,
			);
			path = WebService;
			sourceTree = "<group>";
		};
		BDD2D1952AA087E500B4799E /* Storage */ = {
			isa = PBXGroup;
			children = (
			);
			path = Storage;
			sourceTree = "<group>";
		};
		BDD2D19B2AA08C3400B4799E /* Model */ = {
			isa = PBXGroup;
			children = (
				BDD2D19C2AA08C6C00B4799E /* HomeModel.swift */,
			);
			path = Model;
			sourceTree = "<group>";
		};
/* End PBXGroup section */

/* Begin PBXNativeTarget section */
		BDD2D1652AA027B200B4799E /* SwiftUI-MVVMC */ = {
			isa = PBXNativeTarget;
			buildConfigurationList = BDD2D1742AA027B300B4799E /* Build configuration list for PBXNativeTarget "SwiftUI-MVVMC" */;
			buildPhases = (
				BDD2D1622AA027B200B4799E /* Sources */,
				BDD2D1632AA027B200B4799E /* Frameworks */,
				BDD2D1642AA027B200B4799E /* Resources */,
			);
			buildRules = (
			);
			dependencies = (
			);
			name = "SwiftUI-MVVMC";
			productName = "SwiftUI-MVVMC";
			productReference = BDD2D1662AA027B200B4799E /* SwiftUI-MVVMC.app */;
			productType = "com.apple.product-type.application";
		};
/* End PBXNativeTarget section */

/* Begin PBXProject section */
		BDD2D15E2AA027B200B4799E /* Project object */ = {
			isa = PBXProject;
			attributes = {
				BuildIndependentTargetsInParallel = 1;
				LastSwiftUpdateCheck = 1410;
				LastUpgradeCheck = 1410;
				TargetAttributes = {
					BDD2D1652AA027B200B4799E = {
						CreatedOnToolsVersion = 14.1;
					};
				};
			};
			buildConfigurationList = BDD2D1612AA027B200B4799E /* Build configuration list for PBXProject "SwiftUI-MVVMC" */;
			compatibilityVersion = "Xcode 14.0";
			developmentRegion = en;
			hasScannedForEncodings = 0;
			knownRegions = (
				en,
				Base,
			);
			mainGroup = BDD2D15D2AA027B200B4799E;
			productRefGroup = BDD2D1672AA027B200B4799E /* Products */;
			projectDirPath = "";
			projectRoot = "";
			targets = (
				BDD2D1652AA027B200B4799E /* SwiftUI-MVVMC */,
			);
		};
/* End PBXProject section */

/* Begin PBXResourcesBuildPhase section */
		BDD2D1642AA027B200B4799E /* Resources */ = {
			isa = PBXResourcesBuildPhase;
			buildActionMask = 2147483647;
			files = (
				BDD2D1712AA027B300B4799E /* Preview Assets.xcassets in Resources */,
				BDD2D16E2AA027B300B4799E /* Assets.xcassets in Resources */,
			);
			runOnlyForDeploymentPostprocessing = 0;
		};
/* End PBXResourcesBuildPhase section */

/* Begin PBXSourcesBuildPhase section */
		BDD2D1622AA027B200B4799E /* Sources */ = {
			isa = PBXSourcesBuildPhase;
			buildActionMask = 2147483647;
			files = (
				BDD2D19A2AA0892100B4799E /* WebService+Home.swift in Sources */,
				BDD2D1902AA0716D00B4799E /* FavoriteView.swift in Sources */,
				BDD2D17C2AA027D400B4799E /* HomeFlowCoordinator.swift in Sources */,
				BDD2D1922AA0717E00B4799E /* FavoriteViewModel.swift in Sources */,
				BDD2D1862AA0394800B4799E /* UserViewModel.swift in Sources */,
				BDD2D1812AA0392500B4799E /* UserView.swift in Sources */,
				BDD2D17E2AA027D400B4799E /* HomeView.swift in Sources */,
				BDD2D1972AA0881700B4799E /* WebService.swift in Sources */,
				BDD2D18B2AA0432500B4799E /* SettingViewModel.swift in Sources */,
				BDD2D16A2AA027B200B4799E /* SwiftUI_MVVMCApp.swift in Sources */,
				BDD2D19D2AA08C6C00B4799E /* HomeModel.swift in Sources */,
				BDD2D17D2AA027D400B4799E /* HomeViewModel.swift in Sources */,
				BDD2D1832AA0393A00B4799E /* UserFlowCoordinator.swift in Sources */,
				BDD2D18D2AA0433700B4799E /* SettingView.swift in Sources */,
			);
			runOnlyForDeploymentPostprocessing = 0;
		};
/* End PBXSourcesBuildPhase section */

/* Begin XCBuildConfiguration section */
		BDD2D1722AA027B300B4799E /* Debug */ = {
			isa = XCBuildConfiguration;
			buildSettings = {
				ALWAYS_SEARCH_USER_PATHS = NO;
				CLANG_ANALYZER_NONNULL = YES;
				CLANG_ANALYZER_NUMBER_OBJECT_CONVERSION = YES_AGGRESSIVE;
				CLANG_CXX_LANGUAGE_STANDARD = "gnu++20";
				CLANG_ENABLE_MODULES = YES;
				CLANG_ENABLE_OBJC_ARC = YES;
				CLANG_ENABLE_OBJC_WEAK = YES;
				CLANG_WARN_BLOCK_CAPTURE_AUTORELEASING = YES;
				CLANG_WARN_BOOL_CONVERSION = YES;
				CLANG_WARN_COMMA = YES;
				CLANG_WARN_CONSTANT_CONVERSION = YES;
				CLANG_WARN_DEPRECATED_OBJC_IMPLEMENTATIONS = YES;
				CLANG_WARN_DIRECT_OBJC_ISA_USAGE = YES_ERROR;
				CLANG_WARN_DOCUMENTATION_COMMENTS = YES;
				CLANG_WARN_EMPTY_BODY = YES;
				CLANG_WARN_ENUM_CONVERSION = YES;
				CLANG_WARN_INFINITE_RECURSION = YES;
				CLANG_WARN_INT_CONVERSION = YES;
				CLANG_WARN_NON_LITERAL_NULL_CONVERSION = YES;
				CLANG_WARN_OBJC_IMPLICIT_RETAIN_SELF = YES;
				CLANG_WARN_OBJC_LITERAL_CONVERSION = YES;
				CLANG_WARN_OBJC_ROOT_CLASS = YES_ERROR;
				CLANG_WARN_QUOTED_INCLUDE_IN_FRAMEWORK_HEADER = YES;
				CLANG_WARN_RANGE_LOOP_ANALYSIS = YES;
				CLANG_WARN_STRICT_PROTOTYPES = YES;
				CLANG_WARN_SUSPICIOUS_MOVE = YES;
				CLANG_WARN_UNGUARDED_AVAILABILITY = YES_AGGRESSIVE;
				CLANG_WARN_UNREACHABLE_CODE = YES;
				CLANG_WARN__DUPLICATE_METHOD_MATCH = YES;
				COPY_PHASE_STRIP = NO;
				DEBUG_INFORMATION_FORMAT = dwarf;
				ENABLE_STRICT_OBJC_MSGSEND = YES;
				ENABLE_TESTABILITY = YES;
				GCC_C_LANGUAGE_STANDARD = gnu11;
				GCC_DYNAMIC_NO_PIC = NO;
				GCC_NO_COMMON_BLOCKS = YES;
				GCC_OPTIMIZATION_LEVEL = 0;
				GCC_PREPROCESSOR_DEFINITIONS = (
					"DEBUG=1",
					"$(inherited)",
				);
				GCC_WARN_64_TO_32_BIT_CONVERSION = YES;
				GCC_WARN_ABOUT_RETURN_TYPE = YES_ERROR;
				GCC_WARN_UNDECLARED_SELECTOR = YES;
				GCC_WARN_UNINITIALIZED_AUTOS = YES_AGGRESSIVE;
				GCC_WARN_UNUSED_FUNCTION = YES;
				GCC_WARN_UNUSED_VARIABLE = YES;
				IPHONEOS_DEPLOYMENT_TARGET = 16.1;
				MTL_ENABLE_DEBUG_INFO = INCLUDE_SOURCE;
				MTL_FAST_MATH = YES;
				ONLY_ACTIVE_ARCH = YES;
				SDKROOT = iphoneos;
				SWIFT_ACTIVE_COMPILATION_CONDITIONS = DEBUG;
				SWIFT_OPTIMIZATION_LEVEL = "-Onone";
			};
			name = Debug;
		};
		BDD2D1732AA027B300B4799E /* Release */ = {
			isa = XCBuildConfiguration;
			buildSettings = {
				ALWAYS_SEARCH_USER_PATHS = NO;
				CLANG_ANALYZER_NONNULL = YES;
				CLANG_ANALYZER_NUMBER_OBJECT_CONVERSION = YES_AGGRESSIVE;
				CLANG_CXX_LANGUAGE_STANDARD = "gnu++20";
				CLANG_ENABLE_MODULES = YES;
				CLANG_ENABLE_OBJC_ARC = YES;
				CLANG_ENABLE_OBJC_WEAK = YES;
				CLANG_WARN_BLOCK_CAPTURE_AUTORELEASING = YES;
				CLANG_WARN_BOOL_CONVERSION = YES;
				CLANG_WARN_COMMA = YES;
				CLANG_WARN_CONSTANT_CONVERSION = YES;
				CLANG_WARN_DEPRECATED_OBJC_IMPLEMENTATIONS = YES;
				CLANG_WARN_DIRECT_OBJC_ISA_USAGE = YES_ERROR;
				CLANG_WARN_DOCUMENTATION_COMMENTS = YES;
				CLANG_WARN_EMPTY_BODY = YES;
				CLANG_WARN_ENUM_CONVERSION = YES;
				CLANG_WARN_INFINITE_RECURSION = YES;
				CLANG_WARN_INT_CONVERSION = YES;
				CLANG_WARN_NON_LITERAL_NULL_CONVERSION = YES;
				CLANG_WARN_OBJC_IMPLICIT_RETAIN_SELF = YES;
				CLANG_WARN_OBJC_LITERAL_CONVERSION = YES;
				CLANG_WARN_OBJC_ROOT_CLASS = YES_ERROR;
				CLANG_WARN_QUOTED_INCLUDE_IN_FRAMEWORK_HEADER = YES;
				CLANG_WARN_RANGE_LOOP_ANALYSIS = YES;
				CLANG_WARN_STRICT_PROTOTYPES = YES;
				CLANG_WARN_SUSPICIOUS_MOVE = YES;
				CLANG_WARN_UNGUARDED_AVAILABILITY = YES_AGGRESSIVE;
				CLANG_WARN_UNREACHABLE_CODE = YES;
				CLANG_WARN__DUPLICATE_METHOD_MATCH = YES;
				COPY_PHASE_STRIP = NO;
				DEBUG_INFORMATION_FORMAT = "dwarf-with-dsym";
				ENABLE_NS_ASSERTIONS = NO;
				ENABLE_STRICT_OBJC_MSGSEND = YES;
				GCC_C_LANGUAGE_STANDARD = gnu11;
				GCC_NO_COMMON_BLOCKS = YES;
				GCC_WARN_64_TO_32_BIT_CONVERSION = YES;
				GCC_WARN_ABOUT_RETURN_TYPE = YES_ERROR;
				GCC_WARN_UNDECLARED_SELECTOR = YES;
				GCC_WARN_UNINITIALIZED_AUTOS = YES_AGGRESSIVE;
				GCC_WARN_UNUSED_FUNCTION = YES;
				GCC_WARN_UNUSED_VARIABLE = YES;
				IPHONEOS_DEPLOYMENT_TARGET = 16.1;
				MTL_ENABLE_DEBUG_INFO = NO;
				MTL_FAST_MATH = YES;
				SDKROOT = iphoneos;
				SWIFT_COMPILATION_MODE = wholemodule;
				SWIFT_OPTIMIZATION_LEVEL = "-O";
				VALIDATE_PRODUCT = YES;
			};
			name = Release;
		};
		BDD2D1752AA027B300B4799E /* Debug */ = {
			isa = XCBuildConfiguration;
			buildSettings = {
				ASSETCATALOG_COMPILER_APPICON_NAME = AppIcon;
				ASSETCATALOG_COMPILER_GLOBAL_ACCENT_COLOR_NAME = AccentColor;
				CODE_SIGN_STYLE = Automatic;
				CURRENT_PROJECT_VERSION = 1;
				DEVELOPMENT_ASSET_PATHS = "\"SwiftUI-MVVMC/Preview Content\"";
				DEVELOPMENT_TEAM = NVS87C6DGC;
				ENABLE_PREVIEWS = YES;
				GENERATE_INFOPLIST_FILE = YES;
				INFOPLIST_KEY_UIApplicationSceneManifest_Generation = YES;
				INFOPLIST_KEY_UIApplicationSupportsIndirectInputEvents = YES;
				INFOPLIST_KEY_UILaunchScreen_Generation = YES;
				INFOPLIST_KEY_UISupportedInterfaceOrientations_iPad = "UIInterfaceOrientationPortrait UIInterfaceOrientationPortraitUpsideDown UIInterfaceOrientationLandscapeLeft UIInterfaceOrientationLandscapeRight";
				INFOPLIST_KEY_UISupportedInterfaceOrientations_iPhone = "UIInterfaceOrientationPortrait UIInterfaceOrientationLandscapeLeft UIInterfaceOrientationLandscapeRight";
				LD_RUNPATH_SEARCH_PATHS = (
					"$(inherited)",
					"@executable_path/Frameworks",
				);
				MARKETING_VERSION = 1.0;
				PRODUCT_BUNDLE_IDENTIFIER = "com.DaiDai.SwiftUI-MVVMC";
				PRODUCT_NAME = "$(TARGET_NAME)";
				SWIFT_EMIT_LOC_STRINGS = YES;
				SWIFT_VERSION = 5.0;
				TARGETED_DEVICE_FAMILY = "1,2";
			};
			name = Debug;
		};
		BDD2D1762AA027B300B4799E /* Release */ = {
			isa = XCBuildConfiguration;
			buildSettings = {
				ASSETCATALOG_COMPILER_APPICON_NAME = AppIcon;
				ASSETCATALOG_COMPILER_GLOBAL_ACCENT_COLOR_NAME = AccentColor;
				CODE_SIGN_STYLE = Automatic;
				CURRENT_PROJECT_VERSION = 1;
				DEVELOPMENT_ASSET_PATHS = "\"SwiftUI-MVVMC/Preview Content\"";
				DEVELOPMENT_TEAM = NVS87C6DGC;
				ENABLE_PREVIEWS = YES;
				GENERATE_INFOPLIST_FILE = YES;
				INFOPLIST_KEY_UIApplicationSceneManifest_Generation = YES;
				INFOPLIST_KEY_UIApplicationSupportsIndirectInputEvents = YES;
				INFOPLIST_KEY_UILaunchScreen_Generation = YES;
				INFOPLIST_KEY_UISupportedInterfaceOrientations_iPad = "UIInterfaceOrientationPortrait UIInterfaceOrientationPortraitUpsideDown UIInterfaceOrientationLandscapeLeft UIInterfaceOrientationLandscapeRight";
				INFOPLIST_KEY_UISupportedInterfaceOrientations_iPhone = "UIInterfaceOrientationPortrait UIInterfaceOrientationLandscapeLeft UIInterfaceOrientationLandscapeRight";
				LD_RUNPATH_SEARCH_PATHS = (
					"$(inherited)",
					"@executable_path/Frameworks",
				);
				MARKETING_VERSION = 1.0;
				PRODUCT_BUNDLE_IDENTIFIER = "com.DaiDai.SwiftUI-MVVMC";
				PRODUCT_NAME = "$(TARGET_NAME)";
				SWIFT_EMIT_LOC_STRINGS = YES;
				SWIFT_VERSION = 5.0;
				TARGETED_DEVICE_FAMILY = "1,2";
			};
			name = Release;
		};
/* End XCBuildConfiguration section */

/* Begin XCConfigurationList section */
		BDD2D1612AA027B200B4799E /* Build configuration list for PBXProject "SwiftUI-MVVMC" */ = {
			isa = XCConfigurationList;
			buildConfigurations = (
				BDD2D1722AA027B300B4799E /* Debug */,
				BDD2D1732AA027B300B4799E /* Release */,
			);
			defaultConfigurationIsVisible = 0;
			defaultConfigurationName = Release;
		};
		BDD2D1742AA027B300B4799E /* Build configuration list for PBXNativeTarget "SwiftUI-MVVMC" */ = {
			isa = XCConfigurationList;
			buildConfigurations = (
				BDD2D1752AA027B300B4799E /* Debug */,
				BDD2D1762AA027B300B4799E /* Release */,
			);
			defaultConfigurationIsVisible = 0;
			defaultConfigurationName = Release;
		};
/* End XCConfigurationList section */
	};
	rootObject = BDD2D15E2AA027B200B4799E /* Project object */;
}
